// !$*UTF8*$!
{
	archiveVersion = 1;
	classes = {
	};
	objectVersion = 77;
	objects = {

/* Begin PBXContainerItemProxy section */
		9A8DA16E2CB2ECAD001A8152 /* PBXContainerItemProxy */ = {
			isa = PBXContainerItemProxy;
			containerPortal = 9A8DA1552CB2ECAC001A8152 /* Project object */;
			proxyType = 1;
			remoteGlobalIDString = 9A8DA15C2CB2ECAC001A8152;
			remoteInfo = NavigationInDepth;
		};
		9A8DA1782CB2ECAE001A8152 /* PBXContainerItemProxy */ = {
			isa = PBXContainerItemProxy;
			containerPortal = 9A8DA1552CB2ECAC001A8152 /* Project object */;
			proxyType = 1;
			remoteGlobalIDString = 9A8DA15C2CB2ECAC001A8152;
			remoteInfo = NavigationInDepth;
		};
/* End PBXContainerItemProxy section */

/* Begin PBXFileReference section */
		9A8DA15D2CB2ECAC001A8152 /* NavigationInDepth.app */ = {isa = PBXFileReference; explicitFileType = wrapper.application; includeInIndex = 0; path = NavigationInDepth.app; sourceTree = BUILT_PRODUCTS_DIR; };
		9A8DA16D2CB2ECAD001A8152 /* NavigationInDepthTests.xctest */ = {isa = PBXFileReference; explicitFileType = wrapper.cfbundle; includeInIndex = 0; path = NavigationInDepthTests.xctest; sourceTree = BUILT_PRODUCTS_DIR; };
		9A8DA1772CB2ECAE001A8152 /* NavigationInDepthUITests.xctest */ = {isa = PBXFileReference; explicitFileType = wrapper.cfbundle; includeInIndex = 0; path = NavigationInDepthUITests.xctest; sourceTree = BUILT_PRODUCTS_DIR; };
/* End PBXFileReference section */

/* Begin PBXFileSystemSynchronizedBuildFileExceptionSet section */
		CEFFCB652CBC2E23002F01FF /* Exceptions for "NavigationInDepth" folder in "NavigationInDepth" target */ = {
			isa = PBXFileSystemSynchronizedBuildFileExceptionSet;
			membershipExceptions = (
				Info.plist,
			);
			target = 9A8DA15C2CB2ECAC001A8152 /* NavigationInDepth */;
		};
/* End PBXFileSystemSynchronizedBuildFileExceptionSet section */

/* Begin PBXFileSystemSynchronizedRootGroup section */
		9A8DA15F2CB2ECAC001A8152 /* NavigationInDepth */ = {
			isa = PBXFileSystemSynchronizedRootGroup;
			exceptions = (
				CEFFCB652CBC2E23002F01FF /* Exceptions for "NavigationInDepth" folder in "NavigationInDepth" target */,
			);
			path = NavigationInDepth;
			sourceTree = "<group>";
		};
		9A8DA1702CB2ECAE001A8152 /* NavigationInDepthTests */ = {
			isa = PBXFileSystemSynchronizedRootGroup;
			path = NavigationInDepthTests;
			sourceTree = "<group>";
		};
		9A8DA17A2CB2ECAE001A8152 /* NavigationInDepthUITests */ = {
			isa = PBXFileSystemSynchronizedRootGroup;
			path = NavigationInDepthUITests;
			sourceTree = "<group>";
		};
/* End PBXFileSystemSynchronizedRootGroup section */

/* Begin PBXFrameworksBuildPhase section */
		9A8DA15A2CB2ECAC001A8152 /* Frameworks */ = {
			isa = PBXFrameworksBuildPhase;
			buildActionMask = 2147483647;
			files = (
			);
			runOnlyForDeploymentPostprocessing = 0;
		};
		9A8DA16A2CB2ECAD001A8152 /* Frameworks */ = {
			isa = PBXFrameworksBuildPhase;
			buildActionMask = 2147483647;
			files = (
			);
			runOnlyForDeploymentPostprocessing = 0;
		};
		9A8DA1742CB2ECAE001A8152 /* Frameworks */ = {
			isa = PBXFrameworksBuildPhase;
			buildActionMask = 2147483647;
			files = (
			);
			runOnlyForDeploymentPostprocessing = 0;
		};
/* End PBXFrameworksBuildPhase section */

/* Begin PBXGroup section */
		9A8DA1542CB2ECAC001A8152 = {
			isa = PBXGroup;
			children = (
				9A8DA15F2CB2ECAC001A8152 /* NavigationInDepth */,
				9A8DA1702CB2ECAE001A8152 /* NavigationInDepthTests */,
				9A8DA17A2CB2ECAE001A8152 /* NavigationInDepthUITests */,
				9A8DA15E2CB2ECAC001A8152 /* Products */,
			);
			sourceTree = "<group>";
		};
		9A8DA15E2CB2ECAC001A8152 /* Products */ = {
			isa = PBXGroup;
			children = (
				9A8DA15D2CB2ECAC001A8152 /* NavigationInDepth.app */,
				9A8DA16D2CB2ECAD001A8152 /* NavigationInDepthTests.xctest */,
				9A8DA1772CB2ECAE001A8152 /* NavigationInDepthUITests.xctest */,
			);
			name = Products;
			sourceTree = "<group>";
		};
/* End PBXGroup section */

/* Begin PBXNativeTarget section */
		9A8DA15C2CB2ECAC001A8152 /* NavigationInDepth */ = {
			isa = PBXNativeTarget;
			buildConfigurationList = 9A8DA1812CB2ECAE001A8152 /* Build configuration list for PBXNativeTarget "NavigationInDepth" */;
			buildPhases = (
				9A8DA1592CB2ECAC001A8152 /* Sources */,
				9A8DA15A2CB2ECAC001A8152 /* Frameworks */,
				9A8DA15B2CB2ECAC001A8152 /* Resources */,
			);
			buildRules = (
			);
			dependencies = (
			);
			fileSystemSynchronizedGroups = (
				9A8DA15F2CB2ECAC001A8152 /* NavigationInDepth */,
			);
			name = NavigationInDepth;
			packageProductDependencies = (
			);
			productName = NavigationInDepth;
			productReference = 9A8DA15D2CB2ECAC001A8152 /* NavigationInDepth.app */;
			productType = "com.apple.product-type.application";
		};
		9A8DA16C2CB2ECAD001A8152 /* NavigationInDepthTests */ = {
			isa = PBXNativeTarget;
			buildConfigurationList = 9A8DA1842CB2ECAE001A8152 /* Build configuration list for PBXNativeTarget "NavigationInDepthTests" */;
			buildPhases = (
				9A8DA1692CB2ECAD001A8152 /* Sources */,
				9A8DA16A2CB2ECAD001A8152 /* Frameworks */,
				9A8DA16B2CB2ECAD001A8152 /* Resources */,
			);
			buildRules = (
			);
			dependencies = (
				9A8DA16F2CB2ECAD001A8152 /* PBXTargetDependency */,
			);
			fileSystemSynchronizedGroups = (
				9A8DA1702CB2ECAE001A8152 /* NavigationInDepthTests */,
			);
			name = NavigationInDepthTests;
			packageProductDependencies = (
			);
			productName = NavigationInDepthTests;
			productReference = 9A8DA16D2CB2ECAD001A8152 /* NavigationInDepthTests.xctest */;
			productType = "com.apple.product-type.bundle.unit-test";
		};
		9A8DA1762CB2ECAE001A8152 /* NavigationInDepthUITests */ = {
			isa = PBXNativeTarget;
			buildConfigurationList = 9A8DA1872CB2ECAE001A8152 /* Build configuration list for PBXNativeTarget "NavigationInDepthUITests" */;
			buildPhases = (
				9A8DA1732CB2ECAE001A8152 /* Sources */,
				9A8DA1742CB2ECAE001A8152 /* Frameworks */,
				9A8DA1752CB2ECAE001A8152 /* Resources */,
			);
			buildRules = (
			);
			dependencies = (
				9A8DA1792CB2ECAE001A8152 /* PBXTargetDependency */,
			);
			fileSystemSynchronizedGroups = (
				9A8DA17A2CB2ECAE001A8152 /* NavigationInDepthUITests */,
			);
			name = NavigationInDepthUITests;
			packageProductDependencies = (
			);
			productName = NavigationInDepthUITests;
			productReference = 9A8DA1772CB2ECAE001A8152 /* NavigationInDepthUITests.xctest */;
			productType = "com.apple.product-type.bundle.ui-testing";
		};
/* End PBXNativeTarget section */

/* Begin PBXProject section */
		9A8DA1552CB2ECAC001A8152 /* Project object */ = {
			isa = PBXProject;
			attributes = {
				BuildIndependentTargetsInParallel = 1;
				LastSwiftUpdateCheck = 1610;
				LastUpgradeCheck = 1610;
				TargetAttributes = {
					9A8DA15C2CB2ECAC001A8152 = {
						CreatedOnToolsVersion = 16.1;
					};
					9A8DA16C2CB2ECAD001A8152 = {
						CreatedOnToolsVersion = 16.1;
						TestTargetID = 9A8DA15C2CB2ECAC001A8152;
					};
					9A8DA1762CB2ECAE001A8152 = {
						CreatedOnToolsVersion = 16.1;
						TestTargetID = 9A8DA15C2CB2ECAC001A8152;
					};
				};
			};
			buildConfigurationList = 9A8DA1582CB2ECAC001A8152 /* Build configuration list for PBXProject "NavigationInDepth" */;
			developmentRegion = en;
			hasScannedForEncodings = 0;
			knownRegions = (
				en,
				Base,
			);
			mainGroup = 9A8DA1542CB2ECAC001A8152;
			minimizedProjectReferenceProxies = 1;
			preferredProjectObjectVersion = 77;
			productRefGroup = 9A8DA15E2CB2ECAC001A8152 /* Products */;
			projectDirPath = "";
			projectRoot = "";
			targets = (
				9A8DA15C2CB2ECAC001A8152 /* NavigationInDepth */,
				9A8DA16C2CB2ECAD001A8152 /* NavigationInDepthTests */,
				9A8DA1762CB2ECAE001A8152 /* NavigationInDepthUITests */,
			);
		};
/* End PBXProject section */

/* Begin PBXResourcesBuildPhase section */
		9A8DA15B2CB2ECAC001A8152 /* Resources */ = {
			isa = PBXResourcesBuildPhase;
			buildActionMask = 2147483647;
			files = (
			);
			runOnlyForDeploymentPostprocessing = 0;
		};
		9A8DA16B2CB2ECAD001A8152 /* Resources */ = {
			isa = PBXResourcesBuildPhase;
			buildActionMask = 2147483647;
			files = (
			);
			runOnlyForDeploymentPostprocessing = 0;
		};
		9A8DA1752CB2ECAE001A8152 /* Resources */ = {
			isa = PBXResourcesBuildPhase;
			buildActionMask = 2147483647;
			files = (
			);
			runOnlyForDeploymentPostprocessing = 0;
		};
/* End PBXResourcesBuildPhase section */

/* Begin PBXSourcesBuildPhase section */
		9A8DA1592CB2ECAC001A8152 /* Sources */ = {
			isa = PBXSourcesBuildPhase;
			buildActionMask = 2147483647;
			files = (
			);
			runOnlyForDeploymentPostprocessing = 0;
		};
		9A8DA1692CB2ECAD001A8152 /* Sources */ = {
			isa = PBXSourcesBuildPhase;
			buildActionMask = 2147483647;
			files = (
			);
			runOnlyForDeploymentPostprocessing = 0;
		};
		9A8DA1732CB2ECAE001A8152 /* Sources */ = {
			isa = PBXSourcesBuildPhase;
			buildActionMask = 2147483647;
			files = (
			);
			runOnlyForDeploymentPostprocessing = 0;
		};
/* End PBXSourcesBuildPhase section */

/* Begin PBXTargetDependency section */
		9A8DA16F2CB2ECAD001A8152 /* PBXTargetDependency */ = {
			isa = PBXTargetDependency;
			target = 9A8DA15C2CB2ECAC001A8152 /* NavigationInDepth */;
			targetProxy = 9A8DA16E2CB2ECAD001A8152 /* PBXContainerItemProxy */;
		};
		9A8DA1792CB2ECAE001A8152 /* PBXTargetDependency */ = {
			isa = PBXTargetDependency;
			target = 9A8DA15C2CB2ECAC001A8152 /* NavigationInDepth */;
			targetProxy = 9A8DA1782CB2ECAE001A8152 /* PBXContainerItemProxy */;
		};
/* End PBXTargetDependency section */

/* Begin XCBuildConfiguration section */
		9A8DA17F2CB2ECAE001A8152 /* Debug */ = {
			isa = XCBuildConfiguration;
			buildSettings = {
				ALWAYS_SEARCH_USER_PATHS = NO;
				ASSETCATALOG_COMPILER_GENERATE_SWIFT_ASSET_SYMBOL_EXTENSIONS = YES;
				CLANG_ANALYZER_NONNULL = YES;
				CLANG_ANALYZER_NUMBER_OBJECT_CONVERSION = YES_AGGRESSIVE;
				CLANG_CXX_LANGUAGE_STANDARD = "gnu++20";
				CLANG_ENABLE_MODULES = YES;
				CLANG_ENABLE_OBJC_ARC = YES;
				CLANG_ENABLE_OBJC_WEAK = YES;
				CLANG_WARN_BLOCK_CAPTURE_AUTORELEASING = YES;
				CLANG_WARN_BOOL_CONVERSION = YES;
				CLANG_WARN_COMMA = YES;
				CLANG_WARN_CONSTANT_CONVERSION = YES;
				CLANG_WARN_DEPRECATED_OBJC_IMPLEMENTATIONS = YES;
				CLANG_WARN_DIRECT_OBJC_ISA_USAGE = YES_ERROR;
				CLANG_WARN_DOCUMENTATION_COMMENTS = YES;
				CLANG_WARN_EMPTY_BODY = YES;
				CLANG_WARN_ENUM_CONVERSION = YES;
				CLANG_WARN_INFINITE_RECURSION = YES;
				CLANG_WARN_INT_CONVERSION = YES;
				CLANG_WARN_NON_LITERAL_NULL_CONVERSION = YES;
				CLANG_WARN_OBJC_IMPLICIT_RETAIN_SELF = YES;
				CLANG_WARN_OBJC_LITERAL_CONVERSION = YES;
				CLANG_WARN_OBJC_ROOT_CLASS = YES_ERROR;
				CLANG_WARN_QUOTED_INCLUDE_IN_FRAMEWORK_HEADER = YES;
				CLANG_WARN_RANGE_LOOP_ANALYSIS = YES;
				CLANG_WARN_STRICT_PROTOTYPES = YES;
				CLANG_WARN_SUSPICIOUS_MOVE = YES;
				CLANG_WARN_UNGUARDED_AVAILABILITY = YES_AGGRESSIVE;
				CLANG_WARN_UNREACHABLE_CODE = YES;
				CLANG_WARN__DUPLICATE_METHOD_MATCH = YES;
				COPY_PHASE_STRIP = NO;
				DEBUG_INFORMATION_FORMAT = dwarf;
				ENABLE_STRICT_OBJC_MSGSEND = YES;
				ENABLE_TESTABILITY = YES;
				ENABLE_USER_SCRIPT_SANDBOXING = YES;
				GCC_C_LANGUAGE_STANDARD = gnu17;
				GCC_DYNAMIC_NO_PIC = NO;
				GCC_NO_COMMON_BLOCKS = YES;
				GCC_OPTIMIZATION_LEVEL = 0;
				GCC_PREPROCESSOR_DEFINITIONS = (
					"DEBUG=1",
					"$(inherited)",
				);
				GCC_WARN_64_TO_32_BIT_CONVERSION = YES;
				GCC_WARN_ABOUT_RETURN_TYPE = YES_ERROR;
				GCC_WARN_UNDECLARED_SELECTOR = YES;
				GCC_WARN_UNINITIALIZED_AUTOS = YES_AGGRESSIVE;
				GCC_WARN_UNUSED_FUNCTION = YES;
				GCC_WARN_UNUSED_VARIABLE = YES;
				IPHONEOS_DEPLOYMENT_TARGET = 18.1;
				LOCALIZATION_PREFERS_STRING_CATALOGS = YES;
				MTL_ENABLE_DEBUG_INFO = INCLUDE_SOURCE;
				MTL_FAST_MATH = YES;
				ONLY_ACTIVE_ARCH = YES;
				SDKROOT = iphoneos;
				SWIFT_ACTIVE_COMPILATION_CONDITIONS = "DEBUG $(inherited)";
				SWIFT_OPTIMIZATION_LEVEL = "-Onone";
			};
			name = Debug;
		};
		9A8DA1802CB2ECAE001A8152 /* Release */ = {
			isa = XCBuildConfiguration;
			buildSettings = {
				ALWAYS_SEARCH_USER_PATHS = NO;
				ASSETCATALOG_COMPILER_GENERATE_SWIFT_ASSET_SYMBOL_EXTENSIONS = YES;
				CLANG_ANALYZER_NONNULL = YES;
				CLANG_ANALYZER_NUMBER_OBJECT_CONVERSION = YES_AGGRESSIVE;
				CLANG_CXX_LANGUAGE_STANDARD = "gnu++20";
				CLANG_ENABLE_MODULES = YES;
				CLANG_ENABLE_OBJC_ARC = YES;
				CLANG_ENABLE_OBJC_WEAK = YES;
				CLANG_WARN_BLOCK_CAPTURE_AUTORELEASING = YES;
				CLANG_WARN_BOOL_CONVERSION = YES;
				CLANG_WARN_COMMA = YES;
				CLANG_WARN_CONSTANT_CONVERSION = YES;
				CLANG_WARN_DEPRECATED_OBJC_IMPLEMENTATIONS = YES;
				CLANG_WARN_DIRECT_OBJC_ISA_USAGE = YES_ERROR;
				CLANG_WARN_DOCUMENTATION_COMMENTS = YES;
				CLANG_WARN_EMPTY_BODY = YES;
				CLANG_WARN_ENUM_CONVERSION = YES;
				CLANG_WARN_INFINITE_RECURSION = YES;
				CLANG_WARN_INT_CONVERSION = YES;
				CLANG_WARN_NON_LITERAL_NULL_CONVERSION = YES;
				CLANG_WARN_OBJC_IMPLICIT_RETAIN_SELF = YES;
				CLANG_WARN_OBJC_LITERAL_CONVERSION = YES;
				CLANG_WARN_OBJC_ROOT_CLASS = YES_ERROR;
				CLANG_WARN_QUOTED_INCLUDE_IN_FRAMEWORK_HEADER = YES;
				CLANG_WARN_RANGE_LOOP_ANALYSIS = YES;
				CLANG_WARN_STRICT_PROTOTYPES = YES;
				CLANG_WARN_SUSPICIOUS_MOVE = YES;
				CLANG_WARN_UNGUARDED_AVAILABILITY = YES_AGGRESSIVE;
				CLANG_WARN_UNREACHABLE_CODE = YES;
				CLANG_WARN__DUPLICATE_METHOD_MATCH = YES;
				COPY_PHASE_STRIP = NO;
				DEBUG_INFORMATION_FORMAT = "dwarf-with-dsym";
				ENABLE_NS_ASSERTIONS = NO;
				ENABLE_STRICT_OBJC_MSGSEND = YES;
				ENABLE_USER_SCRIPT_SANDBOXING = YES;
				GCC_C_LANGUAGE_STANDARD = gnu17;
				GCC_NO_COMMON_BLOCKS = YES;
				GCC_WARN_64_TO_32_BIT_CONVERSION = YES;
				GCC_WARN_ABOUT_RETURN_TYPE = YES_ERROR;
				GCC_WARN_UNDECLARED_SELECTOR = YES;
				GCC_WARN_UNINITIALIZED_AUTOS = YES_AGGRESSIVE;
				GCC_WARN_UNUSED_FUNCTION = YES;
				GCC_WARN_UNUSED_VARIABLE = YES;
				IPHONEOS_DEPLOYMENT_TARGET = 18.1;
				LOCALIZATION_PREFERS_STRING_CATALOGS = YES;
				MTL_ENABLE_DEBUG_INFO = NO;
				MTL_FAST_MATH = YES;
				SDKROOT = iphoneos;
				SWIFT_COMPILATION_MODE = wholemodule;
				VALIDATE_PRODUCT = YES;
			};
			name = Release;
		};
		9A8DA1822CB2ECAE001A8152 /* Debug */ = {
			isa = XCBuildConfiguration;
			buildSettings = {
				ASSETCATALOG_COMPILER_APPICON_NAME = AppIcon;
				ASSETCATALOG_COMPILER_GLOBAL_ACCENT_COLOR_NAME = AccentColor;
				CODE_SIGN_STYLE = Automatic;
				CURRENT_PROJECT_VERSION = 1;
				DEVELOPMENT_ASSET_PATHS = "\"NavigationInDepth/Resources/Preview Content\"";
				DEVELOPMENT_TEAM = CCGZFCU763;
				ENABLE_PREVIEWS = YES;
				GENERATE_INFOPLIST_FILE = YES;
				INFOPLIST_FILE = NavigationInDepth/Info.plist;
				INFOPLIST_KEY_UIApplicationSceneManifest_Generation = YES;
				INFOPLIST_KEY_UIApplicationSupportsIndirectInputEvents = YES;
				INFOPLIST_KEY_UILaunchScreen_Generation = YES;
				INFOPLIST_KEY_UISupportedInterfaceOrientations_iPad = "UIInterfaceOrientationPortrait UIInterfaceOrientationPortraitUpsideDown UIInterfaceOrientationLandscapeLeft UIInterfaceOrientationLandscapeRight";
				INFOPLIST_KEY_UISupportedInterfaceOrientations_iPhone = "UIInterfaceOrientationPortrait UIInterfaceOrientationLandscapeLeft UIInterfaceOrientationLandscapeRight";
				IPHONEOS_DEPLOYMENT_TARGET = 18.0;
				LD_RUNPATH_SEARCH_PATHS = (
					"$(inherited)",
					"@executable_path/Frameworks",
				);
				MARKETING_VERSION = 1.0;
				PRODUCT_BUNDLE_IDENTIFIER = com.albertgil.NavigationInDepth;
				PRODUCT_NAME = "$(TARGET_NAME)";
				SWIFT_EMIT_LOC_STRINGS = YES;
				SWIFT_VERSION = 5.0;
				TARGETED_DEVICE_FAMILY = "1,2";
			};
			name = Debug;
		};
		9A8DA1832CB2ECAE001A8152 /* Release */ = {
			isa = XCBuildConfiguration;
			buildSettings = {
				ASSETCATALOG_COMPILER_APPICON_NAME = AppIcon;
				ASSETCATALOG_COMPILER_GLOBAL_ACCENT_COLOR_NAME = AccentColor;
				CODE_SIGN_STYLE = Automatic;
				CURRENT_PROJECT_VERSION = 1;
				DEVELOPMENT_ASSET_PATHS = "\"NavigationInDepth/Resources/Preview Content\"";
				DEVELOPMENT_TEAM = CCGZFCU763;
				ENABLE_PREVIEWS = YES;
				GENERATE_INFOPLIST_FILE = YES;
				INFOPLIST_FILE = NavigationInDepth/Info.plist;
				INFOPLIST_KEY_UIApplicationSceneManifest_Generation = YES;
				INFOPLIST_KEY_UIApplicationSupportsIndirectInputEvents = YES;
				INFOPLIST_KEY_UILaunchScreen_Generation = YES;
				INFOPLIST_KEY_UISupportedInterfaceOrientations_iPad = "UIInterfaceOrientationPortrait UIInterfaceOrientationPortraitUpsideDown UIInterfaceOrientationLandscapeLeft UIInterfaceOrientationLandscapeRight";
				INFOPLIST_KEY_UISupportedInterfaceOrientations_iPhone = "UIInterfaceOrientationPortrait UIInterfaceOrientationLandscapeLeft UIInterfaceOrientationLandscapeRight";
				IPHONEOS_DEPLOYMENT_TARGET = 18.0;
				LD_RUNPATH_SEARCH_PATHS = (
					"$(inherited)",
					"@executable_path/Frameworks",
				);
				MARKETING_VERSION = 1.0;
				PRODUCT_BUNDLE_IDENTIFIER = com.albertgil.NavigationInDepth;
				PRODUCT_NAME = "$(TARGET_NAME)";
				SWIFT_EMIT_LOC_STRINGS = YES;
				SWIFT_VERSION = 5.0;
				TARGETED_DEVICE_FAMILY = "1,2";
			};
			name = Release;
		};
		9A8DA1852CB2ECAE001A8152 /* Debug */ = {
			isa = XCBuildConfiguration;
			buildSettings = {
				BUNDLE_LOADER = "$(TEST_HOST)";
				CODE_SIGN_STYLE = Automatic;
				CURRENT_PROJECT_VERSION = 1;
				DEVELOPMENT_TEAM = CCGZFCU763;
				GENERATE_INFOPLIST_FILE = YES;
				IPHONEOS_DEPLOYMENT_TARGET = 18.1;
				MARKETING_VERSION = 1.0;
				PRODUCT_BUNDLE_IDENTIFIER = com.albertgil.NavigationInDepthTests;
				PRODUCT_NAME = "$(TARGET_NAME)";
				SWIFT_EMIT_LOC_STRINGS = NO;
				SWIFT_VERSION = 5.0;
				TARGETED_DEVICE_FAMILY = "1,2";
				TEST_HOST = "$(BUILT_PRODUCTS_DIR)/NavigationInDepth.app/$(BUNDLE_EXECUTABLE_FOLDER_PATH)/NavigationInDepth";
			};
			name = Debug;
		};
		9A8DA1862CB2ECAE001A8152 /* Release */ = {
			isa = XCBuildConfiguration;
			buildSettings = {
				BUNDLE_LOADER = "$(TEST_HOST)";
				CODE_SIGN_STYLE = Automatic;
				CURRENT_PROJECT_VERSION = 1;
				DEVELOPMENT_TEAM = CCGZFCU763;
				GENERATE_INFOPLIST_FILE = YES;
				IPHONEOS_DEPLOYMENT_TARGET = 18.1;
				MARKETING_VERSION = 1.0;
				PRODUCT_BUNDLE_IDENTIFIER = com.albertgil.NavigationInDepthTests;
				PRODUCT_NAME = "$(TARGET_NAME)";
				SWIFT_EMIT_LOC_STRINGS = NO;
				SWIFT_VERSION = 5.0;
				TARGETED_DEVICE_FAMILY = "1,2";
				TEST_HOST = "$(BUILT_PRODUCTS_DIR)/NavigationInDepth.app/$(BUNDLE_EXECUTABLE_FOLDER_PATH)/NavigationInDepth";
			};
			name = Release;
		};
		9A8DA1882CB2ECAE001A8152 /* Debug */ = {
			isa = XCBuildConfiguration;
			buildSettings = {
				CODE_SIGN_STYLE = Automatic;
				CURRENT_PROJECT_VERSION = 1;
				DEVELOPMENT_TEAM = CCGZFCU763;
				GENERATE_INFOPLIST_FILE = YES;
				MARKETING_VERSION = 1.0;
				PRODUCT_BUNDLE_IDENTIFIER = com.albertgil.NavigationInDepthUITests;
				PRODUCT_NAME = "$(TARGET_NAME)";
				SWIFT_EMIT_LOC_STRINGS = NO;
				SWIFT_VERSION = 5.0;
				TARGETED_DEVICE_FAMILY = "1,2";
				TEST_TARGET_NAME = NavigationInDepth;
			};
			name = Debug;
		};
		9A8DA1892CB2ECAE001A8152 /* Release */ = {
			isa = XCBuildConfiguration;
			buildSettings = {
				CODE_SIGN_STYLE = Automatic;
				CURRENT_PROJECT_VERSION = 1;
				DEVELOPMENT_TEAM = CCGZFCU763;
				GENERATE_INFOPLIST_FILE = YES;
				MARKETING_VERSION = 1.0;
				PRODUCT_BUNDLE_IDENTIFIER = com.albertgil.NavigationInDepthUITests;
				PRODUCT_NAME = "$(TARGET_NAME)";
				SWIFT_EMIT_LOC_STRINGS = NO;
				SWIFT_VERSION = 5.0;
				TARGETED_DEVICE_FAMILY = "1,2";
				TEST_TARGET_NAME = NavigationInDepth;
			};
			name = Release;
		};
/* End XCBuildConfiguration section */

/* Begin XCConfigurationList section */
		9A8DA1582CB2ECAC001A8152 /* Build configuration list for PBXProject "NavigationInDepth" */ = {
			isa = XCConfigurationList;
			buildConfigurations = (
				9A8DA17F2CB2ECAE001A8152 /* Debug */,
				9A8DA1802CB2ECAE001A8152 /* Release */,
			);
			defaultConfigurationIsVisible = 0;
			defaultConfigurationName = Release;
		};
		9A8DA1812CB2ECAE001A8152 /* Build configuration list for PBXNativeTarget "NavigationInDepth" */ = {
			isa = XCConfigurationList;
			buildConfigurations = (
				9A8DA1822CB2ECAE001A8152 /* Debug */,
				9A8DA1832CB2ECAE001A8152 /* Release */,
			);
			defaultConfigurationIsVisible = 0;
			defaultConfigurationName = Release;
		};
		9A8DA1842CB2ECAE001A8152 /* Build configuration list for PBXNativeTarget "NavigationInDepthTests" */ = {
			isa = XCConfigurationList;
			buildConfigurations = (
				9A8DA1852CB2ECAE001A8152 /* Debug */,
				9A8DA1862CB2ECAE001A8152 /* Release */,
			);
			defaultConfigurationIsVisible = 0;
			defaultConfigurationName = Release;
		};
		9A8DA1872CB2ECAE001A8152 /* Build configuration list for PBXNativeTarget "NavigationInDepthUITests" */ = {
			isa = XCConfigurationList;
			buildConfigurations = (
				9A8DA1882CB2ECAE001A8152 /* Debug */,
				9A8DA1892CB2ECAE001A8152 /* Release */,
			);
			defaultConfigurationIsVisible = 0;
			defaultConfigurationName = Release;
		};
/* End XCConfigurationList section */
	};
	rootObject = 9A8DA1552CB2ECAC001A8152 /* Project object */;
}
