// !$*UTF8*$!
{
	archiveVersion = 1;
	classes = {
	};
	objectVersion = 56;
	objects = {

/* Begin PBXBuildFile section */
		9A096CD62C31B605004177CD /* Font.swift in Sources */ = {isa = PBXBuildFile; fileRef = 9A096CD52C31B605004177CD /* Font.swift */; };
		9A096CD82C31B6D5004177CD /* AppDelegate.swift in Sources */ = {isa = PBXBuildFile; fileRef = 9A096CD72C31B6D5004177CD /* AppDelegate.swift */; };
		9A096CD92C31B82C004177CD /* Lato-BlackItalic.ttf in Resources */ = {isa = PBXBuildFile; fileRef = 9A096CD02C31B576004177CD /* Lato-BlackItalic.ttf */; };
		9A096CDA2C31B82C004177CD /* Lato-Italic.ttf in Resources */ = {isa = PBXBuildFile; fileRef = 9A096CD12C31B576004177CD /* Lato-Italic.ttf */; };
		9A096CDB2C31B82C004177CD /* Lato-LightItalic.ttf in Resources */ = {isa = PBXBuildFile; fileRef = 9A096CCD2C31B576004177CD /* Lato-LightItalic.ttf */; };
		9A096CDC2C31B82C004177CD /* Lato-Regular.ttf in Resources */ = {isa = PBXBuildFile; fileRef = 9A096CD42C31B576004177CD /* Lato-Regular.ttf */; };
		9A096CDD2C31B82C004177CD /* Lato-ThinItalic.ttf in Resources */ = {isa = PBXBuildFile; fileRef = 9A096CCF2C31B576004177CD /* Lato-ThinItalic.ttf */; };
		9A096CDE2C31B82C004177CD /* Lato-BoldItalic.ttf in Resources */ = {isa = PBXBuildFile; fileRef = 9A096CCE2C31B576004177CD /* Lato-BoldItalic.ttf */; };
		9A096CDF2C31B82C004177CD /* Lato-Light.ttf in Resources */ = {isa = PBXBuildFile; fileRef = 9A096CD32C31B576004177CD /* Lato-Light.ttf */; };
		9A096CE02C31B82C004177CD /* Lato-Black.ttf in Resources */ = {isa = PBXBuildFile; fileRef = 9A096CCB2C31B576004177CD /* Lato-Black.ttf */; };
		9A096CE12C31B82C004177CD /* Lato-Thin.ttf in Resources */ = {isa = PBXBuildFile; fileRef = 9A096CCC2C31B576004177CD /* Lato-Thin.ttf */; };
		9A096CE22C31B82C004177CD /* Lato-Bold.ttf in Resources */ = {isa = PBXBuildFile; fileRef = 9A096CD22C31B576004177CD /* Lato-Bold.ttf */; };
		9A4250712C28891000BC1574 /* WhatsappCloneApp.swift in Sources */ = {isa = PBXBuildFile; fileRef = 9A4250702C28891000BC1574 /* WhatsappCloneApp.swift */; };
		9A4250752C28891200BC1574 /* Assets.xcassets in Resources */ = {isa = PBXBuildFile; fileRef = 9A4250742C28891200BC1574 /* Assets.xcassets */; };
		9A4250782C28891200BC1574 /* Preview Assets.xcassets in Resources */ = {isa = PBXBuildFile; fileRef = 9A4250772C28891200BC1574 /* Preview Assets.xcassets */; };
		9A42507F2C28896E00BC1574 /* ChatListView.swift in Sources */ = {isa = PBXBuildFile; fileRef = 9A42507E2C28896E00BC1574 /* ChatListView.swift */; };
		9A4250812C28897800BC1574 /* ChatDetailView.swift in Sources */ = {isa = PBXBuildFile; fileRef = 9A4250802C28897800BC1574 /* ChatDetailView.swift */; };
		9A4250832C2889EA00BC1574 /* AppView.swift in Sources */ = {isa = PBXBuildFile; fileRef = 9A4250822C2889EA00BC1574 /* AppView.swift */; };
		9A4250852C2894A800BC1574 /* ChatListRowView.swift in Sources */ = {isa = PBXBuildFile; fileRef = 9A4250842C2894A800BC1574 /* ChatListRowView.swift */; };
/* End PBXBuildFile section */

/* Begin PBXFileReference section */
		9A096CCB2C31B576004177CD /* Lato-Black.ttf */ = {isa = PBXFileReference; lastKnownFileType = file; name = "Lato-Black.ttf"; path = "../../../../../TuistCaroDiario/Projects/Helpers/Styles/Resources/Lato-Black.ttf"; sourceTree = "<group>"; };
		9A096CCC2C31B576004177CD /* Lato-Thin.ttf */ = {isa = PBXFileReference; lastKnownFileType = file; name = "Lato-Thin.ttf"; path = "../../../../../TuistCaroDiario/Projects/Helpers/Styles/Resources/Lato-Thin.ttf"; sourceTree = "<group>"; };
		9A096CCD2C31B576004177CD /* Lato-LightItalic.ttf */ = {isa = PBXFileReference; lastKnownFileType = file; name = "Lato-LightItalic.ttf"; path = "../../../../../TuistCaroDiario/Projects/Helpers/Styles/Resources/Lato-LightItalic.ttf"; sourceTree = "<group>"; };
		9A096CCE2C31B576004177CD /* Lato-BoldItalic.ttf */ = {isa = PBXFileReference; lastKnownFileType = file; name = "Lato-BoldItalic.ttf"; path = "../../../../../TuistCaroDiario/Projects/Helpers/Styles/Resources/Lato-BoldItalic.ttf"; sourceTree = "<group>"; };
		9A096CCF2C31B576004177CD /* Lato-ThinItalic.ttf */ = {isa = PBXFileReference; lastKnownFileType = file; name = "Lato-ThinItalic.ttf"; path = "../../../../../TuistCaroDiario/Projects/Helpers/Styles/Resources/Lato-ThinItalic.ttf"; sourceTree = "<group>"; };
		9A096CD02C31B576004177CD /* Lato-BlackItalic.ttf */ = {isa = PBXFileReference; lastKnownFileType = file; name = "Lato-BlackItalic.ttf"; path = "../../../../../TuistCaroDiario/Projects/Helpers/Styles/Resources/Lato-BlackItalic.ttf"; sourceTree = "<group>"; };
		9A096CD12C31B576004177CD /* Lato-Italic.ttf */ = {isa = PBXFileReference; lastKnownFileType = file; name = "Lato-Italic.ttf"; path = "../../../../../TuistCaroDiario/Projects/Helpers/Styles/Resources/Lato-Italic.ttf"; sourceTree = "<group>"; };
		9A096CD22C31B576004177CD /* Lato-Bold.ttf */ = {isa = PBXFileReference; lastKnownFileType = file; name = "Lato-Bold.ttf"; path = "../../../../../TuistCaroDiario/Projects/Helpers/Styles/Resources/Lato-Bold.ttf"; sourceTree = "<group>"; };
		9A096CD32C31B576004177CD /* Lato-Light.ttf */ = {isa = PBXFileReference; lastKnownFileType = file; name = "Lato-Light.ttf"; path = "../../../../../TuistCaroDiario/Projects/Helpers/Styles/Resources/Lato-Light.ttf"; sourceTree = "<group>"; };
		9A096CD42C31B576004177CD /* Lato-Regular.ttf */ = {isa = PBXFileReference; lastKnownFileType = file; name = "Lato-Regular.ttf"; path = "../../../../../TuistCaroDiario/Projects/Helpers/Styles/Resources/Lato-Regular.ttf"; sourceTree = "<group>"; };
		9A096CD52C31B605004177CD /* Font.swift */ = {isa = PBXFileReference; lastKnownFileType = sourcecode.swift; path = Font.swift; sourceTree = "<group>"; };
		9A096CD72C31B6D5004177CD /* AppDelegate.swift */ = {isa = PBXFileReference; lastKnownFileType = sourcecode.swift; path = AppDelegate.swift; sourceTree = "<group>"; };
		9A42506D2C28891000BC1574 /* WhatsappClone.app */ = {isa = PBXFileReference; explicitFileType = wrapper.application; includeInIndex = 0; path = WhatsappClone.app; sourceTree = BUILT_PRODUCTS_DIR; };
		9A4250702C28891000BC1574 /* WhatsappCloneApp.swift */ = {isa = PBXFileReference; lastKnownFileType = sourcecode.swift; path = WhatsappCloneApp.swift; sourceTree = "<group>"; };
		9A4250742C28891200BC1574 /* Assets.xcassets */ = {isa = PBXFileReference; lastKnownFileType = folder.assetcatalog; path = Assets.xcassets; sourceTree = "<group>"; };
		9A4250772C28891200BC1574 /* Preview Assets.xcassets */ = {isa = PBXFileReference; lastKnownFileType = folder.assetcatalog; path = "Preview Assets.xcassets"; sourceTree = "<group>"; };
		9A42507E2C28896E00BC1574 /* ChatListView.swift */ = {isa = PBXFileReference; lastKnownFileType = sourcecode.swift; path = ChatListView.swift; sourceTree = "<group>"; };
		9A4250802C28897800BC1574 /* ChatDetailView.swift */ = {isa = PBXFileReference; lastKnownFileType = sourcecode.swift; path = ChatDetailView.swift; sourceTree = "<group>"; };
		9A4250822C2889EA00BC1574 /* AppView.swift */ = {isa = PBXFileReference; lastKnownFileType = sourcecode.swift; path = AppView.swift; sourceTree = "<group>"; };
		9A4250842C2894A800BC1574 /* ChatListRowView.swift */ = {isa = PBXFileReference; lastKnownFileType = sourcecode.swift; path = ChatListRowView.swift; sourceTree = "<group>"; };
/* End PBXFileReference section */

/* Begin PBXFrameworksBuildPhase section */
		9A42506A2C28891000BC1574 /* Frameworks */ = {
			isa = PBXFrameworksBuildPhase;
			buildActionMask = 2147483647;
			files = (
			);
			runOnlyForDeploymentPostprocessing = 0;
		};
/* End PBXFrameworksBuildPhase section */

/* Begin PBXGroup section */
		9A096CCA2C31B564004177CD /* Font */ = {
			isa = PBXGroup;
			children = (
				9A096CCB2C31B576004177CD /* Lato-Black.ttf */,
				9A096CD02C31B576004177CD /* Lato-BlackItalic.ttf */,
				9A096CD22C31B576004177CD /* Lato-Bold.ttf */,
				9A096CCE2C31B576004177CD /* Lato-BoldItalic.ttf */,
				9A096CD12C31B576004177CD /* Lato-Italic.ttf */,
				9A096CD32C31B576004177CD /* Lato-Light.ttf */,
				9A096CCD2C31B576004177CD /* Lato-LightItalic.ttf */,
				9A096CD42C31B576004177CD /* Lato-Regular.ttf */,
				9A096CCC2C31B576004177CD /* Lato-Thin.ttf */,
				9A096CCF2C31B576004177CD /* Lato-ThinItalic.ttf */,
				9A096CD52C31B605004177CD /* Font.swift */,
			);
			path = Font;
			sourceTree = "<group>";
		};
		9A4250642C28891000BC1574 = {
			isa = PBXGroup;
			children = (
				9A42506F2C28891000BC1574 /* WhatsappClone */,
				9A42506E2C28891000BC1574 /* Products */,
			);
			sourceTree = "<group>";
		};
		9A42506E2C28891000BC1574 /* Products */ = {
			isa = PBXGroup;
			children = (
				9A42506D2C28891000BC1574 /* WhatsappClone.app */,
			);
			name = Products;
			sourceTree = "<group>";
		};
		9A42506F2C28891000BC1574 /* WhatsappClone */ = {
			isa = PBXGroup;
			children = (
				9A096CCA2C31B564004177CD /* Font */,
				9A4250702C28891000BC1574 /* WhatsappCloneApp.swift */,
				9A096CD72C31B6D5004177CD /* AppDelegate.swift */,
				9A4250822C2889EA00BC1574 /* AppView.swift */,
				9A42507E2C28896E00BC1574 /* ChatListView.swift */,
				9A4250842C2894A800BC1574 /* ChatListRowView.swift */,
				9A4250802C28897800BC1574 /* ChatDetailView.swift */,
				9A4250742C28891200BC1574 /* Assets.xcassets */,
				9A4250762C28891200BC1574 /* Preview Content */,
			);
			path = WhatsappClone;
			sourceTree = "<group>";
		};
		9A4250762C28891200BC1574 /* Preview Content */ = {
			isa = PBXGroup;
			children = (
				9A4250772C28891200BC1574 /* Preview Assets.xcassets */,
			);
			path = "Preview Content";
			sourceTree = "<group>";
		};
/* End PBXGroup section */

/* Begin PBXNativeTarget section */
		9A42506C2C28891000BC1574 /* WhatsappClone */ = {
			isa = PBXNativeTarget;
			buildConfigurationList = 9A42507B2C28891200BC1574 /* Build configuration list for PBXNativeTarget "WhatsappClone" */;
			buildPhases = (
				9A4250692C28891000BC1574 /* Sources */,
				9A42506A2C28891000BC1574 /* Frameworks */,
				9A42506B2C28891000BC1574 /* Resources */,
			);
			buildRules = (
			);
			dependencies = (
			);
			name = WhatsappClone;
			productName = WhatsappClone;
			productReference = 9A42506D2C28891000BC1574 /* WhatsappClone.app */;
			productType = "com.apple.product-type.application";
		};
/* End PBXNativeTarget section */

/* Begin PBXProject section */
		9A4250652C28891000BC1574 /* Project object */ = {
			isa = PBXProject;
			attributes = {
				BuildIndependentTargetsInParallel = 1;
				LastSwiftUpdateCheck = 1530;
				LastUpgradeCheck = 1530;
				TargetAttributes = {
					9A42506C2C28891000BC1574 = {
						CreatedOnToolsVersion = 15.3;
					};
				};
			};
			buildConfigurationList = 9A4250682C28891000BC1574 /* Build configuration list for PBXProject "WhatsappClone" */;
			compatibilityVersion = "Xcode 14.0";
			developmentRegion = en;
			hasScannedForEncodings = 0;
			knownRegions = (
				en,
				Base,
			);
			mainGroup = 9A4250642C28891000BC1574;
			productRefGroup = 9A42506E2C28891000BC1574 /* Products */;
			projectDirPath = "";
			projectRoot = "";
			targets = (
				9A42506C2C28891000BC1574 /* WhatsappClone */,
			);
		};
/* End PBXProject section */

/* Begin PBXResourcesBuildPhase section */
		9A42506B2C28891000BC1574 /* Resources */ = {
			isa = PBXResourcesBuildPhase;
			buildActionMask = 2147483647;
			files = (
				9A4250782C28891200BC1574 /* Preview Assets.xcassets in Resources */,
				9A4250752C28891200BC1574 /* Assets.xcassets in Resources */,
				9A096CD92C31B82C004177CD /* Lato-BlackItalic.ttf in Resources */,
				9A096CDA2C31B82C004177CD /* Lato-Italic.ttf in Resources */,
				9A096CDB2C31B82C004177CD /* Lato-LightItalic.ttf in Resources */,
				9A096CDC2C31B82C004177CD /* Lato-Regular.ttf in Resources */,
				9A096CDD2C31B82C004177CD /* Lato-ThinItalic.ttf in Resources */,
				9A096CDE2C31B82C004177CD /* Lato-BoldItalic.ttf in Resources */,
				9A096CDF2C31B82C004177CD /* Lato-Light.ttf in Resources */,
				9A096CE02C31B82C004177CD /* Lato-Black.ttf in Resources */,
				9A096CE12C31B82C004177CD /* Lato-Thin.ttf in Resources */,
				9A096CE22C31B82C004177CD /* Lato-Bold.ttf in Resources */,
			);
			runOnlyForDeploymentPostprocessing = 0;
		};
/* End PBXResourcesBuildPhase section */

/* Begin PBXSourcesBuildPhase section */
		9A4250692C28891000BC1574 /* Sources */ = {
			isa = PBXSourcesBuildPhase;
			buildActionMask = 2147483647;
			files = (
				9A4250832C2889EA00BC1574 /* AppView.swift in Sources */,
				9A4250812C28897800BC1574 /* ChatDetailView.swift in Sources */,
				9A096CD62C31B605004177CD /* Font.swift in Sources */,
				9A4250852C2894A800BC1574 /* ChatListRowView.swift in Sources */,
				9A096CD82C31B6D5004177CD /* AppDelegate.swift in Sources */,
				9A42507F2C28896E00BC1574 /* ChatListView.swift in Sources */,
				9A4250712C28891000BC1574 /* WhatsappCloneApp.swift in Sources */,
			);
			runOnlyForDeploymentPostprocessing = 0;
		};
/* End PBXSourcesBuildPhase section */

/* Begin XCBuildConfiguration section */
		9A4250792C28891200BC1574 /* Debug */ = {
			isa = XCBuildConfiguration;
			buildSettings = {
				ALWAYS_SEARCH_USER_PATHS = NO;
				ASSETCATALOG_COMPILER_GENERATE_SWIFT_ASSET_SYMBOL_EXTENSIONS = YES;
				CLANG_ANALYZER_NONNULL = YES;
				CLANG_ANALYZER_NUMBER_OBJECT_CONVERSION = YES_AGGRESSIVE;
				CLANG_CXX_LANGUAGE_STANDARD = "gnu++20";
				CLANG_ENABLE_MODULES = YES;
				CLANG_ENABLE_OBJC_ARC = YES;
				CLANG_ENABLE_OBJC_WEAK = YES;
				CLANG_WARN_BLOCK_CAPTURE_AUTORELEASING = YES;
				CLANG_WARN_BOOL_CONVERSION = YES;
				CLANG_WARN_COMMA = YES;
				CLANG_WARN_CONSTANT_CONVERSION = YES;
				CLANG_WARN_DEPRECATED_OBJC_IMPLEMENTATIONS = YES;
				CLANG_WARN_DIRECT_OBJC_ISA_USAGE = YES_ERROR;
				CLANG_WARN_DOCUMENTATION_COMMENTS = YES;
				CLANG_WARN_EMPTY_BODY = YES;
				CLANG_WARN_ENUM_CONVERSION = YES;
				CLANG_WARN_INFINITE_RECURSION = YES;
				CLANG_WARN_INT_CONVERSION = YES;
				CLANG_WARN_NON_LITERAL_NULL_CONVERSION = YES;
				CLANG_WARN_OBJC_IMPLICIT_RETAIN_SELF = YES;
				CLANG_WARN_OBJC_LITERAL_CONVERSION = YES;
				CLANG_WARN_OBJC_ROOT_CLASS = YES_ERROR;
				CLANG_WARN_QUOTED_INCLUDE_IN_FRAMEWORK_HEADER = YES;
				CLANG_WARN_RANGE_LOOP_ANALYSIS = YES;
				CLANG_WARN_STRICT_PROTOTYPES = YES;
				CLANG_WARN_SUSPICIOUS_MOVE = YES;
				CLANG_WARN_UNGUARDED_AVAILABILITY = YES_AGGRESSIVE;
				CLANG_WARN_UNREACHABLE_CODE = YES;
				CLANG_WARN__DUPLICATE_METHOD_MATCH = YES;
				COPY_PHASE_STRIP = NO;
				DEBUG_INFORMATION_FORMAT = dwarf;
				ENABLE_STRICT_OBJC_MSGSEND = YES;
				ENABLE_TESTABILITY = YES;
				ENABLE_USER_SCRIPT_SANDBOXING = YES;
				GCC_C_LANGUAGE_STANDARD = gnu17;
				GCC_DYNAMIC_NO_PIC = NO;
				GCC_NO_COMMON_BLOCKS = YES;
				GCC_OPTIMIZATION_LEVEL = 0;
				GCC_PREPROCESSOR_DEFINITIONS = (
					"DEBUG=1",
					"$(inherited)",
				);
				GCC_WARN_64_TO_32_BIT_CONVERSION = YES;
				GCC_WARN_ABOUT_RETURN_TYPE = YES_ERROR;
				GCC_WARN_UNDECLARED_SELECTOR = YES;
				GCC_WARN_UNINITIALIZED_AUTOS = YES_AGGRESSIVE;
				GCC_WARN_UNUSED_FUNCTION = YES;
				GCC_WARN_UNUSED_VARIABLE = YES;
				IPHONEOS_DEPLOYMENT_TARGET = 17.4;
				LOCALIZATION_PREFERS_STRING_CATALOGS = YES;
				MTL_ENABLE_DEBUG_INFO = INCLUDE_SOURCE;
				MTL_FAST_MATH = YES;
				ONLY_ACTIVE_ARCH = YES;
				SDKROOT = iphoneos;
				SWIFT_ACTIVE_COMPILATION_CONDITIONS = "DEBUG $(inherited)";
				SWIFT_OPTIMIZATION_LEVEL = "-Onone";
			};
			name = Debug;
		};
		9A42507A2C28891200BC1574 /* Release */ = {
			isa = XCBuildConfiguration;
			buildSettings = {
				ALWAYS_SEARCH_USER_PATHS = NO;
				ASSETCATALOG_COMPILER_GENERATE_SWIFT_ASSET_SYMBOL_EXTENSIONS = YES;
				CLANG_ANALYZER_NONNULL = YES;
				CLANG_ANALYZER_NUMBER_OBJECT_CONVERSION = YES_AGGRESSIVE;
				CLANG_CXX_LANGUAGE_STANDARD = "gnu++20";
				CLANG_ENABLE_MODULES = YES;
				CLANG_ENABLE_OBJC_ARC = YES;
				CLANG_ENABLE_OBJC_WEAK = YES;
				CLANG_WARN_BLOCK_CAPTURE_AUTORELEASING = YES;
				CLANG_WARN_BOOL_CONVERSION = YES;
				CLANG_WARN_COMMA = YES;
				CLANG_WARN_CONSTANT_CONVERSION = YES;
				CLANG_WARN_DEPRECATED_OBJC_IMPLEMENTATIONS = YES;
				CLANG_WARN_DIRECT_OBJC_ISA_USAGE = YES_ERROR;
				CLANG_WARN_DOCUMENTATION_COMMENTS = YES;
				CLANG_WARN_EMPTY_BODY = YES;
				CLANG_WARN_ENUM_CONVERSION = YES;
				CLANG_WARN_INFINITE_RECURSION = YES;
				CLANG_WARN_INT_CONVERSION = YES;
				CLANG_WARN_NON_LITERAL_NULL_CONVERSION = YES;
				CLANG_WARN_OBJC_IMPLICIT_RETAIN_SELF = YES;
				CLANG_WARN_OBJC_LITERAL_CONVERSION = YES;
				CLANG_WARN_OBJC_ROOT_CLASS = YES_ERROR;
				CLANG_WARN_QUOTED_INCLUDE_IN_FRAMEWORK_HEADER = YES;
				CLANG_WARN_RANGE_LOOP_ANALYSIS = YES;
				CLANG_WARN_STRICT_PROTOTYPES = YES;
				CLANG_WARN_SUSPICIOUS_MOVE = YES;
				CLANG_WARN_UNGUARDED_AVAILABILITY = YES_AGGRESSIVE;
				CLANG_WARN_UNREACHABLE_CODE = YES;
				CLANG_WARN__DUPLICATE_METHOD_MATCH = YES;
				COPY_PHASE_STRIP = NO;
				DEBUG_INFORMATION_FORMAT = "dwarf-with-dsym";
				ENABLE_NS_ASSERTIONS = NO;
				ENABLE_STRICT_OBJC_MSGSEND = YES;
				ENABLE_USER_SCRIPT_SANDBOXING = YES;
				GCC_C_LANGUAGE_STANDARD = gnu17;
				GCC_NO_COMMON_BLOCKS = YES;
				GCC_WARN_64_TO_32_BIT_CONVERSION = YES;
				GCC_WARN_ABOUT_RETURN_TYPE = YES_ERROR;
				GCC_WARN_UNDECLARED_SELECTOR = YES;
				GCC_WARN_UNINITIALIZED_AUTOS = YES_AGGRESSIVE;
				GCC_WARN_UNUSED_FUNCTION = YES;
				GCC_WARN_UNUSED_VARIABLE = YES;
				IPHONEOS_DEPLOYMENT_TARGET = 17.4;
				LOCALIZATION_PREFERS_STRING_CATALOGS = YES;
				MTL_ENABLE_DEBUG_INFO = NO;
				MTL_FAST_MATH = YES;
				SDKROOT = iphoneos;
				SWIFT_COMPILATION_MODE = wholemodule;
				VALIDATE_PRODUCT = YES;
			};
			name = Release;
		};
		9A42507C2C28891200BC1574 /* Debug */ = {
			isa = XCBuildConfiguration;
			buildSettings = {
				ASSETCATALOG_COMPILER_APPICON_NAME = AppIcon;
				ASSETCATALOG_COMPILER_GLOBAL_ACCENT_COLOR_NAME = AccentColor;
				CODE_SIGN_STYLE = Automatic;
				CURRENT_PROJECT_VERSION = 1;
				DEVELOPMENT_ASSET_PATHS = "\"WhatsappClone/Preview Content\"";
				DEVELOPMENT_TEAM = CCGZFCU763;
				ENABLE_PREVIEWS = YES;
				GENERATE_INFOPLIST_FILE = YES;
				INFOPLIST_KEY_UIApplicationSceneManifest_Generation = YES;
				INFOPLIST_KEY_UIApplicationSupportsIndirectInputEvents = YES;
				INFOPLIST_KEY_UILaunchScreen_Generation = YES;
				INFOPLIST_KEY_UISupportedInterfaceOrientations_iPad = "UIInterfaceOrientationPortrait UIInterfaceOrientationPortraitUpsideDown UIInterfaceOrientationLandscapeLeft UIInterfaceOrientationLandscapeRight";
				INFOPLIST_KEY_UISupportedInterfaceOrientations_iPhone = "UIInterfaceOrientationPortrait UIInterfaceOrientationLandscapeLeft UIInterfaceOrientationLandscapeRight";
				LD_RUNPATH_SEARCH_PATHS = (
					"$(inherited)",
					"@executable_path/Frameworks",
				);
				MARKETING_VERSION = 1.0;
				PRODUCT_BUNDLE_IDENTIFIER = com.albertgil.WhatsappClone;
				PRODUCT_NAME = "$(TARGET_NAME)";
				SWIFT_EMIT_LOC_STRINGS = YES;
				SWIFT_VERSION = 5.0;
				TARGETED_DEVICE_FAMILY = "1,2";
			};
			name = Debug;
		};
		9A42507D2C28891200BC1574 /* Release */ = {
			isa = XCBuildConfiguration;
			buildSettings = {
				ASSETCATALOG_COMPILER_APPICON_NAME = AppIcon;
				ASSETCATALOG_COMPILER_GLOBAL_ACCENT_COLOR_NAME = AccentColor;
				CODE_SIGN_STYLE = Automatic;
				CURRENT_PROJECT_VERSION = 1;
				DEVELOPMENT_ASSET_PATHS = "\"WhatsappClone/Preview Content\"";
				DEVELOPMENT_TEAM = CCGZFCU763;
				ENABLE_PREVIEWS = YES;
				GENERATE_INFOPLIST_FILE = YES;
				INFOPLIST_KEY_UIApplicationSceneManifest_Generation = YES;
				INFOPLIST_KEY_UIApplicationSupportsIndirectInputEvents = YES;
				INFOPLIST_KEY_UILaunchScreen_Generation = YES;
				INFOPLIST_KEY_UISupportedInterfaceOrientations_iPad = "UIInterfaceOrientationPortrait UIInterfaceOrientationPortraitUpsideDown UIInterfaceOrientationLandscapeLeft UIInterfaceOrientationLandscapeRight";
				INFOPLIST_KEY_UISupportedInterfaceOrientations_iPhone = "UIInterfaceOrientationPortrait UIInterfaceOrientationLandscapeLeft UIInterfaceOrientationLandscapeRight";
				LD_RUNPATH_SEARCH_PATHS = (
					"$(inherited)",
					"@executable_path/Frameworks",
				);
				MARKETING_VERSION = 1.0;
				PRODUCT_BUNDLE_IDENTIFIER = com.albertgil.WhatsappClone;
				PRODUCT_NAME = "$(TARGET_NAME)";
				SWIFT_EMIT_LOC_STRINGS = YES;
				SWIFT_VERSION = 5.0;
				TARGETED_DEVICE_FAMILY = "1,2";
			};
			name = Release;
		};
/* End XCBuildConfiguration section */

/* Begin XCConfigurationList section */
		9A4250682C28891000BC1574 /* Build configuration list for PBXProject "WhatsappClone" */ = {
			isa = XCConfigurationList;
			buildConfigurations = (
				9A4250792C28891200BC1574 /* Debug */,
				9A42507A2C28891200BC1574 /* Release */,
			);
			defaultConfigurationIsVisible = 0;
			defaultConfigurationName = Release;
		};
		9A42507B2C28891200BC1574 /* Build configuration list for PBXNativeTarget "WhatsappClone" */ = {
			isa = XCConfigurationList;
			buildConfigurations = (
				9A42507C2C28891200BC1574 /* Debug */,
				9A42507D2C28891200BC1574 /* Release */,
			);
			defaultConfigurationIsVisible = 0;
			defaultConfigurationName = Release;
		};
/* End XCConfigurationList section */
	};
	rootObject = 9A4250652C28891000BC1574 /* Project object */;
}
